
Microsoft Visual Studio Solution File, Format Version 12.00
# Visual Studio 2012
Project("{2150E333-8FDC-42A3-9474-1A3956D46DE8}") = "Modules", "Modules", "{D024E63B-57DB-4B19-96AA-C8597A939B76}"
EndProject
Project("{2150E333-8FDC-42A3-9474-1A3956D46DE8}") = "UserProfile", "UserProfile", "{831F005F-BE5B-40F9-9B30-F0D76501ED4A}"
EndProject
Project("{2150E333-8FDC-42A3-9474-1A3956D46DE8}") = "StandardReport", "StandardReport", "{58422E2C-0E1A-41D0-BC13-C64022EB1D58}"
EndProject
Project("{2150E333-8FDC-42A3-9474-1A3956D46DE8}") = "Solution Items", "Solution Items", "{F535ED28-D783-4821-AE6F-A4E948FAF0C0}"
	ProjectSection(SolutionItems) = preProject
		Core.vsmdi = Core.vsmdi
		Local.testsettings = Local.testsettings
		TraceAndTestImpact.testsettings = TraceAndTestImpact.testsettings
	EndProjectSection
EndProject
Project("{2150E333-8FDC-42A3-9474-1A3956D46DE8}") = "Authentication", "Authentication", "{4CD29C1F-3F89-46F4-BE1F-CB0CC0C84EE9}"
EndProject
Project("{FAE04EC0-301F-11D3-BF4B-00C04F79EFBC}") = "Core.Ui.Mvc", "Core.Ui.Mvc\Core.Ui.Mvc.csproj", "{A7BEDFEE-B58A-49D0-91D4-C338B722D54B}"
EndProject
Project("{FAE04EC0-301F-11D3-BF4B-00C04F79EFBC}") = "Core.Infrastructure", "Core.Infrastructure\Core.Infrastructure.csproj", "{560C5BCB-0657-48C4-9B50-BEFFD66C057E}"
EndProject
Project("{FAE04EC0-301F-11D3-BF4B-00C04F79EFBC}") = "Interfaces", "Modules\UserProfile\Interfaces\Interfaces.csproj", "{8711FB0E-58E3-42A8-BC2B-A7C509BEB82A}"
EndProject
Project("{FAE04EC0-301F-11D3-BF4B-00C04F79EFBC}") = "Messages", "Modules\UserProfile\Messages\Messages.csproj", "{528B6BCF-EC86-4AA6-A4B4-AC8C994162AD}"
EndProject
Project("{FAE04EC0-301F-11D3-BF4B-00C04F79EFBC}") = "Ui.Mvc", "Modules\UserProfile\Ui.Mvc\Ui.Mvc.csproj", "{47E8F85F-41C2-4765-B0E2-20992ED732E0}"
EndProject
Project("{FAE04EC0-301F-11D3-BF4B-00C04F79EFBC}") = "Ui.Mvc", "Modules\StandardReport\Ui.Mvc\Ui.Mvc.csproj", "{02853D78-A337-4897-8D24-145B038B4825}"
EndProject
Project("{FAE04EC0-301F-11D3-BF4B-00C04F79EFBC}") = "Ui.Mvc", "Modules\Login\Ui.Mvc\Ui.Mvc.csproj", "{4B5DC857-BA45-4C3C-B167-69A66799E3E8}"
EndProject
Project("{FAE04EC0-301F-11D3-BF4B-00C04F79EFBC}") = "Messages", "Modules\Login\Messages\Messages.csproj", "{9E7B8D4E-25D6-4152-93BF-2732C25DA2D8}"
EndProject
Project("{FAE04EC0-301F-11D3-BF4B-00C04F79EFBC}") = "Core.Testing", "Core.Testing\Core.Testing.csproj", "{336118A3-CE3B-40A4-A73C-6AB0E6B291FA}"
EndProject
Project("{FAE04EC0-301F-11D3-BF4B-00C04F79EFBC}") = "Domain", "Modules\Login\Core\Domain.csproj", "{78A972AD-E42A-4F20-AEF5-E170A7D13DAB}"
EndProject
Project("{2150E333-8FDC-42A3-9474-1A3956D46DE8}") = ".nuget", ".nuget", "{EBEC572D-7C16-440F-A7E3-898D9441DAD6}"
	ProjectSection(SolutionItems) = preProject
		.nuget\NuGet.Config = .nuget\NuGet.Config
		.nuget\NuGet.exe = .nuget\NuGet.exe
		.nuget\NuGet.targets = .nuget\NuGet.targets
	EndProjectSection
EndProject
Project("{FAE04EC0-301F-11D3-BF4B-00C04F79EFBC}") = "Domain", "Modules\UserProfile\Domain\Domain.csproj", "{00D3991E-AADD-4237-A06C-7BAE590B81EA}"
EndProject
Project("{FAE04EC0-301F-11D3-BF4B-00C04F79EFBC}") = "Domain.Tests", "Modules\UserProfile\Domain.Tests\Domain.Tests.csproj", "{C04D8137-07B1-45FF-820E-4A3AB377E5F9}"
EndProject
Global
	GlobalSection(TestCaseManagementSettings) = postSolution
		CategoryFile = Core.vsmdi
	EndGlobalSection
	GlobalSection(SolutionConfigurationPlatforms) = preSolution
		Debug|Any CPU = Debug|Any CPU
		Debug|Mixed Platforms = Debug|Mixed Platforms
		Debug|x86 = Debug|x86
		Release|Any CPU = Release|Any CPU
		Release|Mixed Platforms = Release|Mixed Platforms
		Release|x86 = Release|x86
	EndGlobalSection
	GlobalSection(ProjectConfigurationPlatforms) = postSolution
		{A7BEDFEE-B58A-49D0-91D4-C338B722D54B}.Debug|Any CPU.ActiveCfg = Debug|Any CPU
		{A7BEDFEE-B58A-49D0-91D4-C338B722D54B}.Debug|Any CPU.Build.0 = Debug|Any CPU
		{A7BEDFEE-B58A-49D0-91D4-C338B722D54B}.Debug|Mixed Platforms.ActiveCfg = Debug|Any CPU
		{A7BEDFEE-B58A-49D0-91D4-C338B722D54B}.Debug|Mixed Platforms.Build.0 = Debug|Any CPU
		{A7BEDFEE-B58A-49D0-91D4-C338B722D54B}.Debug|x86.ActiveCfg = Debug|Any CPU
		{A7BEDFEE-B58A-49D0-91D4-C338B722D54B}.Release|Any CPU.ActiveCfg = Release|Any CPU
		{A7BEDFEE-B58A-49D0-91D4-C338B722D54B}.Release|Any CPU.Build.0 = Release|Any CPU
		{A7BEDFEE-B58A-49D0-91D4-C338B722D54B}.Release|Mixed Platforms.ActiveCfg = Release|Any CPU
		{A7BEDFEE-B58A-49D0-91D4-C338B722D54B}.Release|Mixed Platforms.Build.0 = Release|Any CPU
		{A7BEDFEE-B58A-49D0-91D4-C338B722D54B}.Release|x86.ActiveCfg = Release|Any CPU
		{560C5BCB-0657-48C4-9B50-BEFFD66C057E}.Debug|Any CPU.ActiveCfg = Debug|Any CPU
		{560C5BCB-0657-48C4-9B50-BEFFD66C057E}.Debug|Any CPU.Build.0 = Debug|Any CPU
		{560C5BCB-0657-48C4-9B50-BEFFD66C057E}.Debug|Mixed Platforms.ActiveCfg = Debug|Any CPU
		{560C5BCB-0657-48C4-9B50-BEFFD66C057E}.Debug|Mixed Platforms.Build.0 = Debug|Any CPU
		{560C5BCB-0657-48C4-9B50-BEFFD66C057E}.Debug|x86.ActiveCfg = Debug|Any CPU
		{560C5BCB-0657-48C4-9B50-BEFFD66C057E}.Release|Any CPU.ActiveCfg = Release|Any CPU
		{560C5BCB-0657-48C4-9B50-BEFFD66C057E}.Release|Any CPU.Build.0 = Release|Any CPU
		{560C5BCB-0657-48C4-9B50-BEFFD66C057E}.Release|Mixed Platforms.ActiveCfg = Release|Any CPU
		{560C5BCB-0657-48C4-9B50-BEFFD66C057E}.Release|Mixed Platforms.Build.0 = Release|Any CPU
		{560C5BCB-0657-48C4-9B50-BEFFD66C057E}.Release|x86.ActiveCfg = Release|Any CPU
		{8711FB0E-58E3-42A8-BC2B-A7C509BEB82A}.Debug|Any CPU.ActiveCfg = Debug|Any CPU
		{8711FB0E-58E3-42A8-BC2B-A7C509BEB82A}.Debug|Any CPU.Build.0 = Debug|Any CPU
		{8711FB0E-58E3-42A8-BC2B-A7C509BEB82A}.Debug|Mixed Platforms.ActiveCfg = Debug|Any CPU
		{8711FB0E-58E3-42A8-BC2B-A7C509BEB82A}.Debug|Mixed Platforms.Build.0 = Debug|Any CPU
		{8711FB0E-58E3-42A8-BC2B-A7C509BEB82A}.Debug|x86.ActiveCfg = Debug|Any CPU
		{8711FB0E-58E3-42A8-BC2B-A7C509BEB82A}.Release|Any CPU.ActiveCfg = Release|Any CPU
		{8711FB0E-58E3-42A8-BC2B-A7C509BEB82A}.Release|Any CPU.Build.0 = Release|Any CPU
		{8711FB0E-58E3-42A8-BC2B-A7C509BEB82A}.Release|Mixed Platforms.ActiveCfg = Release|Any CPU
		{8711FB0E-58E3-42A8-BC2B-A7C509BEB82A}.Release|Mixed Platforms.Build.0 = Release|Any CPU
		{8711FB0E-58E3-42A8-BC2B-A7C509BEB82A}.Release|x86.ActiveCfg = Release|Any CPU
		{528B6BCF-EC86-4AA6-A4B4-AC8C994162AD}.Debug|Any CPU.ActiveCfg = Debug|Any CPU
		{528B6BCF-EC86-4AA6-A4B4-AC8C994162AD}.Debug|Any CPU.Build.0 = Debug|Any CPU
		{528B6BCF-EC86-4AA6-A4B4-AC8C994162AD}.Debug|Mixed Platforms.ActiveCfg = Debug|Any CPU
		{528B6BCF-EC86-4AA6-A4B4-AC8C994162AD}.Debug|Mixed Platforms.Build.0 = Debug|Any CPU
		{528B6BCF-EC86-4AA6-A4B4-AC8C994162AD}.Debug|x86.ActiveCfg = Debug|Any CPU
		{528B6BCF-EC86-4AA6-A4B4-AC8C994162AD}.Release|Any CPU.ActiveCfg = Release|Any CPU
		{528B6BCF-EC86-4AA6-A4B4-AC8C994162AD}.Release|Any CPU.Build.0 = Release|Any CPU
		{528B6BCF-EC86-4AA6-A4B4-AC8C994162AD}.Release|Mixed Platforms.ActiveCfg = Release|Any CPU
		{528B6BCF-EC86-4AA6-A4B4-AC8C994162AD}.Release|Mixed Platforms.Build.0 = Release|Any CPU
		{528B6BCF-EC86-4AA6-A4B4-AC8C994162AD}.Release|x86.ActiveCfg = Release|Any CPU
		{47E8F85F-41C2-4765-B0E2-20992ED732E0}.Debug|Any CPU.ActiveCfg = Debug|Any CPU
		{47E8F85F-41C2-4765-B0E2-20992ED732E0}.Debug|Any CPU.Build.0 = Debug|Any CPU
		{47E8F85F-41C2-4765-B0E2-20992ED732E0}.Debug|Mixed Platforms.ActiveCfg = Debug|Any CPU
		{47E8F85F-41C2-4765-B0E2-20992ED732E0}.Debug|Mixed Platforms.Build.0 = Debug|Any CPU
		{47E8F85F-41C2-4765-B0E2-20992ED732E0}.Debug|x86.ActiveCfg = Debug|Any CPU
		{47E8F85F-41C2-4765-B0E2-20992ED732E0}.Release|Any CPU.ActiveCfg = Release|Any CPU
		{47E8F85F-41C2-4765-B0E2-20992ED732E0}.Release|Any CPU.Build.0 = Release|Any CPU
		{47E8F85F-41C2-4765-B0E2-20992ED732E0}.Release|Mixed Platforms.ActiveCfg = Release|Any CPU
		{47E8F85F-41C2-4765-B0E2-20992ED732E0}.Release|Mixed Platforms.Build.0 = Release|Any CPU
		{47E8F85F-41C2-4765-B0E2-20992ED732E0}.Release|x86.ActiveCfg = Release|Any CPU
		{02853D78-A337-4897-8D24-145B038B4825}.Debug|Any CPU.ActiveCfg = Debug|Any CPU
		{02853D78-A337-4897-8D24-145B038B4825}.Debug|Any CPU.Build.0 = Debug|Any CPU
		{02853D78-A337-4897-8D24-145B038B4825}.Debug|Mixed Platforms.ActiveCfg = Debug|Any CPU
		{02853D78-A337-4897-8D24-145B038B4825}.Debug|Mixed Platforms.Build.0 = Debug|Any CPU
		{02853D78-A337-4897-8D24-145B038B4825}.Debug|x86.ActiveCfg = Debug|Any CPU
		{02853D78-A337-4897-8D24-145B038B4825}.Release|Any CPU.ActiveCfg = Release|Any CPU
		{02853D78-A337-4897-8D24-145B038B4825}.Release|Any CPU.Build.0 = Release|Any CPU
		{02853D78-A337-4897-8D24-145B038B4825}.Release|Mixed Platforms.ActiveCfg = Release|Any CPU
		{02853D78-A337-4897-8D24-145B038B4825}.Release|Mixed Platforms.Build.0 = Release|Any CPU
		{02853D78-A337-4897-8D24-145B038B4825}.Release|x86.ActiveCfg = Release|Any CPU
		{4B5DC857-BA45-4C3C-B167-69A66799E3E8}.Debug|Any CPU.ActiveCfg = Debug|Any CPU
		{4B5DC857-BA45-4C3C-B167-69A66799E3E8}.Debug|Any CPU.Build.0 = Debug|Any CPU
		{4B5DC857-BA45-4C3C-B167-69A66799E3E8}.Debug|Mixed Platforms.ActiveCfg = Debug|Any CPU
		{4B5DC857-BA45-4C3C-B167-69A66799E3E8}.Debug|Mixed Platforms.Build.0 = Debug|Any CPU
		{4B5DC857-BA45-4C3C-B167-69A66799E3E8}.Debug|x86.ActiveCfg = Debug|Any CPU
		{4B5DC857-BA45-4C3C-B167-69A66799E3E8}.Release|Any CPU.ActiveCfg = Release|Any CPU
		{4B5DC857-BA45-4C3C-B167-69A66799E3E8}.Release|Any CPU.Build.0 = Release|Any CPU
		{4B5DC857-BA45-4C3C-B167-69A66799E3E8}.Release|Mixed Platforms.ActiveCfg = Release|Any CPU
		{4B5DC857-BA45-4C3C-B167-69A66799E3E8}.Release|Mixed Platforms.Build.0 = Release|Any CPU
		{4B5DC857-BA45-4C3C-B167-69A66799E3E8}.Release|x86.ActiveCfg = Release|Any CPU
		{9E7B8D4E-25D6-4152-93BF-2732C25DA2D8}.Debug|Any CPU.ActiveCfg = Debug|Any CPU
		{9E7B8D4E-25D6-4152-93BF-2732C25DA2D8}.Debug|Any CPU.Build.0 = Debug|Any CPU
		{9E7B8D4E-25D6-4152-93BF-2732C25DA2D8}.Debug|Mixed Platforms.ActiveCfg = Debug|Any CPU
		{9E7B8D4E-25D6-4152-93BF-2732C25DA2D8}.Debug|Mixed Platforms.Build.0 = Debug|Any CPU
		{9E7B8D4E-25D6-4152-93BF-2732C25DA2D8}.Debug|x86.ActiveCfg = Debug|Any CPU
		{9E7B8D4E-25D6-4152-93BF-2732C25DA2D8}.Release|Any CPU.ActiveCfg = Release|Any CPU
		{9E7B8D4E-25D6-4152-93BF-2732C25DA2D8}.Release|Any CPU.Build.0 = Release|Any CPU
		{9E7B8D4E-25D6-4152-93BF-2732C25DA2D8}.Release|Mixed Platforms.ActiveCfg = Release|Any CPU
		{9E7B8D4E-25D6-4152-93BF-2732C25DA2D8}.Release|Mixed Platforms.Build.0 = Release|Any CPU
		{9E7B8D4E-25D6-4152-93BF-2732C25DA2D8}.Release|x86.ActiveCfg = Release|Any CPU
		{336118A3-CE3B-40A4-A73C-6AB0E6B291FA}.Debug|Any CPU.ActiveCfg = Debug|Any CPU
		{336118A3-CE3B-40A4-A73C-6AB0E6B291FA}.Debug|Any CPU.Build.0 = Debug|Any CPU
		{336118A3-CE3B-40A4-A73C-6AB0E6B291FA}.Debug|Mixed Platforms.ActiveCfg = Debug|Any CPU
		{336118A3-CE3B-40A4-A73C-6AB0E6B291FA}.Debug|Mixed Platforms.Build.0 = Debug|Any CPU
		{336118A3-CE3B-40A4-A73C-6AB0E6B291FA}.Debug|x86.ActiveCfg = Debug|Any CPU
		{336118A3-CE3B-40A4-A73C-6AB0E6B291FA}.Release|Any CPU.ActiveCfg = Release|Any CPU
		{336118A3-CE3B-40A4-A73C-6AB0E6B291FA}.Release|Any CPU.Build.0 = Release|Any CPU
		{336118A3-CE3B-40A4-A73C-6AB0E6B291FA}.Release|Mixed Platforms.ActiveCfg = Release|Any CPU
		{336118A3-CE3B-40A4-A73C-6AB0E6B291FA}.Release|Mixed Platforms.Build.0 = Release|Any CPU
		{336118A3-CE3B-40A4-A73C-6AB0E6B291FA}.Release|x86.ActiveCfg = Release|Any CPU
		{78A972AD-E42A-4F20-AEF5-E170A7D13DAB}.Debug|Any CPU.ActiveCfg = Debug|Any CPU
		{78A972AD-E42A-4F20-AEF5-E170A7D13DAB}.Debug|Any CPU.Build.0 = Debug|Any CPU
		{78A972AD-E42A-4F20-AEF5-E170A7D13DAB}.Debug|Mixed Platforms.ActiveCfg = Debug|Any CPU
		{78A972AD-E42A-4F20-AEF5-E170A7D13DAB}.Debug|Mixed Platforms.Build.0 = Debug|Any CPU
		{78A972AD-E42A-4F20-AEF5-E170A7D13DAB}.Debug|x86.ActiveCfg = Debug|Any CPU
		{78A972AD-E42A-4F20-AEF5-E170A7D13DAB}.Release|Any CPU.ActiveCfg = Release|Any CPU
		{78A972AD-E42A-4F20-AEF5-E170A7D13DAB}.Release|Any CPU.Build.0 = Release|Any CPU
		{78A972AD-E42A-4F20-AEF5-E170A7D13DAB}.Release|Mixed Platforms.ActiveCfg = Release|Any CPU
		{78A972AD-E42A-4F20-AEF5-E170A7D13DAB}.Release|Mixed Platforms.Build.0 = Release|Any CPU
		{78A972AD-E42A-4F20-AEF5-E170A7D13DAB}.Release|x86.ActiveCfg = Release|Any CPU
		{00D3991E-AADD-4237-A06C-7BAE590B81EA}.Debug|Any CPU.ActiveCfg = Debug|Any CPU
		{00D3991E-AADD-4237-A06C-7BAE590B81EA}.Debug|Any CPU.Build.0 = Debug|Any CPU
		{00D3991E-AADD-4237-A06C-7BAE590B81EA}.Debug|Mixed Platforms.ActiveCfg = Debug|Any CPU
		{00D3991E-AADD-4237-A06C-7BAE590B81EA}.Debug|Mixed Platforms.Build.0 = Debug|Any CPU
		{00D3991E-AADD-4237-A06C-7BAE590B81EA}.Debug|x86.ActiveCfg = Debug|Any CPU
		{00D3991E-AADD-4237-A06C-7BAE590B81EA}.Release|Any CPU.ActiveCfg = Release|Any CPU
		{00D3991E-AADD-4237-A06C-7BAE590B81EA}.Release|Any CPU.Build.0 = Release|Any CPU
		{00D3991E-AADD-4237-A06C-7BAE590B81EA}.Release|Mixed Platforms.ActiveCfg = Release|Any CPU
		{00D3991E-AADD-4237-A06C-7BAE590B81EA}.Release|Mixed Platforms.Build.0 = Release|Any CPU
		{00D3991E-AADD-4237-A06C-7BAE590B81EA}.Release|x86.ActiveCfg = Release|Any CPU
		{C04D8137-07B1-45FF-820E-4A3AB377E5F9}.Debug|Any CPU.ActiveCfg = Debug|Any CPU
		{C04D8137-07B1-45FF-820E-4A3AB377E5F9}.Debug|Any CPU.Build.0 = Debug|Any CPU
		{C04D8137-07B1-45FF-820E-4A3AB377E5F9}.Debug|Mixed Platforms.ActiveCfg = Debug|Any CPU
		{C04D8137-07B1-45FF-820E-4A3AB377E5F9}.Debug|Mixed Platforms.Build.0 = Debug|Any CPU
		{C04D8137-07B1-45FF-820E-4A3AB377E5F9}.Debug|x86.ActiveCfg = Debug|Any CPU
		{C04D8137-07B1-45FF-820E-4A3AB377E5F9}.Release|Any CPU.ActiveCfg = Release|Any CPU
		{C04D8137-07B1-45FF-820E-4A3AB377E5F9}.Release|Any CPU.Build.0 = Release|Any CPU
		{C04D8137-07B1-45FF-820E-4A3AB377E5F9}.Release|Mixed Platforms.ActiveCfg = Release|Any CPU
		{C04D8137-07B1-45FF-820E-4A3AB377E5F9}.Release|Mixed Platforms.Build.0 = Release|Any CPU
		{C04D8137-07B1-45FF-820E-4A3AB377E5F9}.Release|x86.ActiveCfg = Release|Any CPU
	EndGlobalSection
	GlobalSection(SolutionProperties) = preSolution
		HideSolutionNode = FALSE
	EndGlobalSection
	GlobalSection(NestedProjects) = preSolution
		{831F005F-BE5B-40F9-9B30-F0D76501ED4A} = {D024E63B-57DB-4B19-96AA-C8597A939B76}
		{58422E2C-0E1A-41D0-BC13-C64022EB1D58} = {D024E63B-57DB-4B19-96AA-C8597A939B76}
		{4CD29C1F-3F89-46F4-BE1F-CB0CC0C84EE9} = {D024E63B-57DB-4B19-96AA-C8597A939B76}
		{F535ED28-D783-4821-AE6F-A4E948FAF0C0} = {831F005F-BE5B-40F9-9B30-F0D76501ED4A}
		{8711FB0E-58E3-42A8-BC2B-A7C509BEB82A} = {831F005F-BE5B-40F9-9B30-F0D76501ED4A}
		{528B6BCF-EC86-4AA6-A4B4-AC8C994162AD} = {831F005F-BE5B-40F9-9B30-F0D76501ED4A}
		{47E8F85F-41C2-4765-B0E2-20992ED732E0} = {831F005F-BE5B-40F9-9B30-F0D76501ED4A}
		{00D3991E-AADD-4237-A06C-7BAE590B81EA} = {831F005F-BE5B-40F9-9B30-F0D76501ED4A}
		{C04D8137-07B1-45FF-820E-4A3AB377E5F9} = {831F005F-BE5B-40F9-9B30-F0D76501ED4A}
		{02853D78-A337-4897-8D24-145B038B4825} = {58422E2C-0E1A-41D0-BC13-C64022EB1D58}
		{4B5DC857-BA45-4C3C-B167-69A66799E3E8} = {4CD29C1F-3F89-46F4-BE1F-CB0CC0C84EE9}
		{9E7B8D4E-25D6-4152-93BF-2732C25DA2D8} = {4CD29C1F-3F89-46F4-BE1F-CB0CC0C84EE9}
		{78A972AD-E42A-4F20-AEF5-E170A7D13DAB} = {4CD29C1F-3F89-46F4-BE1F-CB0CC0C84EE9}
	EndGlobalSection
	GlobalSection(ExtensibilityGlobals) = postSolution
		EnterpriseLibraryConfigurationToolBinariesPath = packages\Unity.2.1.505.0\lib\NET35
	EndGlobalSection
EndGlobal
